hash: cc65ac29c35f3db9d88d17b259630f160c1a70daf618fd896b0aeadb895f9b77
updated: 2018-03-13T16:11:27.439315014+04:00
imports:
- name: github.com/gorilla/context
  version: 08b5f424b9271eedf6f9f0ce86cb9396ed337a42
- name: github.com/gorilla/mux
  version: 53c1911da2b537f792e7cafcb446b05ffe33b996
- name: github.com/lib/pq
  version: 88edab0803230a3898347e77b474f8c1820a1f20
  subpackages:
  - oid
testImports: []
